
Microsoft Visual Studio Solution File, Format Version 12.00
# Visual Studio Version 17
VisualStudioVersion = 17.14.36429.23
MinimumVisualStudioVersion = 10.0.40219.1
Project("{8BC9CEB8-8B4A-11D0-8D11-00A0C91BC942}") = "Matrix_normal_16X16", "Matrix_normal_16X16.vcxproj", "{BAC96E83-550D-4806-80A8-4D66C73518DB}"
EndProject
Global
	GlobalSection(SolutionConfigurationPlatforms) = preSolution
		Debug|ARM = Debug|ARM
		Debug|ARM64 = Debug|ARM64
		Release|ARM = Release|ARM
		Release|ARM64 = Release|ARM64
	EndGlobalSection
	GlobalSection(ProjectConfigurationPlatforms) = postSolution
		{BAC96E83-550D-4806-80A8-4D66C73518DB}.Debug|ARM.ActiveCfg = Debug|ARM
		{BAC96E83-550D-4806-80A8-4D66C73518DB}.Debug|ARM.Build.0 = Debug|ARM
		{BAC96E83-550D-4806-80A8-4D66C73518DB}.Debug|ARM.Deploy.0 = Debug|ARM
		{BAC96E83-550D-4806-80A8-4D66C73518DB}.Debug|ARM64.ActiveCfg = Debug|ARM64
		{BAC96E83-550D-4806-80A8-4D66C73518DB}.Debug|ARM64.Build.0 = Debug|ARM64
		{BAC96E83-550D-4806-80A8-4D66C73518DB}.Debug|ARM64.Deploy.0 = Debug|ARM64
		{BAC96E83-550D-4806-80A8-4D66C73518DB}.Release|ARM.ActiveCfg = Release|ARM
		{BAC96E83-550D-4806-80A8-4D66C73518DB}.Release|ARM.Build.0 = Release|ARM
		{BAC96E83-550D-4806-80A8-4D66C73518DB}.Release|ARM.Deploy.0 = Release|ARM
		{BAC96E83-550D-4806-80A8-4D66C73518DB}.Release|ARM64.ActiveCfg = Release|ARM64
		{BAC96E83-550D-4806-80A8-4D66C73518DB}.Release|ARM64.Build.0 = Release|ARM64
		{BAC96E83-550D-4806-80A8-4D66C73518DB}.Release|ARM64.Deploy.0 = Release|ARM64
	EndGlobalSection
	GlobalSection(SolutionProperties) = preSolution
		HideSolutionNode = FALSE
	EndGlobalSection
	GlobalSection(ExtensibilityGlobals) = postSolution
		SolutionGuid = {40813163-D155-47F7-89CA-2A65736913CE}
	EndGlobalSection
EndGlobal
